
Microsoft Visual Studio Solution File, Format Version 12.00
# Visual Studio Version 17
VisualStudioVersion = 17.12.35309.182
MinimumVisualStudioVersion = 10.0.40219.1
Project("{FAE04EC0-301F-11D3-BF4B-00C04F79EFBC}") = "Digital_Core_Layer", "Digital_Core_Layer\Digital_Core_Layer.csproj", "{C48AEC86-74BF-48FE-BD6B-301AD7773FD6}"
EndProject
Project("{FAE04EC0-301F-11D3-BF4B-00C04F79EFBC}") = "Digital_Domain_Layer", "Digital_Domain_Layer\Digital_Domain_Layer.csproj", "{9FB85182-C9F2-439D-BF88-77B0665CB8FC}"
EndProject
Project("{FAE04EC0-301F-11D3-BF4B-00C04F79EFBC}") = "Digital_Infrastructure_Layer", "Digital_Infrastructure_Layer\Digital_Infrastructure_Layer.csproj", "{D7103A84-258F-43DF-B2E0-1B72ADB87EA7}"
EndProject
Project("{FAE04EC0-301F-11D3-BF4B-00C04F79EFBC}") = "Digital_Persistence_Layer", "Digital_Persistence_Layer\Digital_Persistence_Layer.csproj", "{3A240B60-6D80-4D7D-B4C7-5BB5BB590AF3}"
EndProject
Project("{FAE04EC0-301F-11D3-BF4B-00C04F79EFBC}") = "Digital_API_Layer", "Digital_API_Layer\Digital_API_Layer.csproj", "{0CCE6140-31D3-4164-9671-5E04210F8CB6}"
EndProject
Global
	GlobalSection(SolutionConfigurationPlatforms) = preSolution
		Debug|Any CPU = Debug|Any CPU
		Release|Any CPU = Release|Any CPU
	EndGlobalSection
	GlobalSection(ProjectConfigurationPlatforms) = postSolution
		{C48AEC86-74BF-48FE-BD6B-301AD7773FD6}.Debug|Any CPU.ActiveCfg = Debug|Any CPU
		{C48AEC86-74BF-48FE-BD6B-301AD7773FD6}.Debug|Any CPU.Build.0 = Debug|Any CPU
		{C48AEC86-74BF-48FE-BD6B-301AD7773FD6}.Release|Any CPU.ActiveCfg = Release|Any CPU
		{C48AEC86-74BF-48FE-BD6B-301AD7773FD6}.Release|Any CPU.Build.0 = Release|Any CPU
		{9FB85182-C9F2-439D-BF88-77B0665CB8FC}.Debug|Any CPU.ActiveCfg = Debug|Any CPU
		{9FB85182-C9F2-439D-BF88-77B0665CB8FC}.Debug|Any CPU.Build.0 = Debug|Any CPU
		{9FB85182-C9F2-439D-BF88-77B0665CB8FC}.Release|Any CPU.ActiveCfg = Release|Any CPU
		{9FB85182-C9F2-439D-BF88-77B0665CB8FC}.Release|Any CPU.Build.0 = Release|Any CPU
		{D7103A84-258F-43DF-B2E0-1B72ADB87EA7}.Debug|Any CPU.ActiveCfg = Debug|Any CPU
		{D7103A84-258F-43DF-B2E0-1B72ADB87EA7}.Debug|Any CPU.Build.0 = Debug|Any CPU
		{D7103A84-258F-43DF-B2E0-1B72ADB87EA7}.Release|Any CPU.ActiveCfg = Release|Any CPU
		{D7103A84-258F-43DF-B2E0-1B72ADB87EA7}.Release|Any CPU.Build.0 = Release|Any CPU
		{3A240B60-6D80-4D7D-B4C7-5BB5BB590AF3}.Debug|Any CPU.ActiveCfg = Debug|Any CPU
		{3A240B60-6D80-4D7D-B4C7-5BB5BB590AF3}.Debug|Any CPU.Build.0 = Debug|Any CPU
		{3A240B60-6D80-4D7D-B4C7-5BB5BB590AF3}.Release|Any CPU.ActiveCfg = Release|Any CPU
		{3A240B60-6D80-4D7D-B4C7-5BB5BB590AF3}.Release|Any CPU.Build.0 = Release|Any CPU
		{0CCE6140-31D3-4164-9671-5E04210F8CB6}.Debug|Any CPU.ActiveCfg = Debug|Any CPU
		{0CCE6140-31D3-4164-9671-5E04210F8CB6}.Debug|Any CPU.Build.0 = Debug|Any CPU
		{0CCE6140-31D3-4164-9671-5E04210F8CB6}.Release|Any CPU.ActiveCfg = Release|Any CPU
		{0CCE6140-31D3-4164-9671-5E04210F8CB6}.Release|Any CPU.Build.0 = Release|Any CPU
	EndGlobalSection
	GlobalSection(SolutionProperties) = preSolution
		HideSolutionNode = FALSE
	EndGlobalSection
	GlobalSection(ExtensibilityGlobals) = postSolution
		SolutionGuid = {D1004944-CA17-48DE-8DD5-CC7FABA528D7}
	EndGlobalSection
EndGlobal
